{
  "name": "maintainer-contracts",
  "version": "0.1.1",
  "lockfileVersion": 3,
  "requires": true,
  "packages": {
    "": {
      "name": "maintainer-contracts",
      "version": "0.1.1",
      "license": "MIT",
      "bin": {
        "maintainer-contracts": "bin/maintainer-contracts.mjs"
      },
      "engines": {
        "node": ">=20"
      }
    }
  }
}
